// !$*UTF8*$!
{
	archiveVersion = 1;
	classes = {
	};
	objectVersion = 46;
	objects = {

/* Begin PBXBuildFile section */
		8A381E141BE66E5A000299BE /* integration.cpp in Sources */ = {isa = PBXBuildFile; fileRef = 8A381E121BE66E5A000299BE /* integration.cpp */; };
		8A76D5BE1BE1555E00D473FF /* weibull_estimator.cpp in Sources */ = {isa = PBXBuildFile; fileRef = 8A76D5BD1BE1555E00D473FF /* weibull_estimator.cpp */; };
		8A76D5C01BE156DA00D473FF /* weibull.cpp in Sources */ = {isa = PBXBuildFile; fileRef = 8A76D5BF1BE156DA00D473FF /* weibull.cpp */; };
		8AA4CA3A1BE136D0006420DA /* main.cpp in Sources */ = {isa = PBXBuildFile; fileRef = 8AA4CA391BE136D0006420DA /* main.cpp */; };
/* End PBXBuildFile section */

/* Begin PBXCopyFilesBuildPhase section */
		8AA4CA341BE136D0006420DA /* CopyFiles */ = {
			isa = PBXCopyFilesBuildPhase;
			buildActionMask = 2147483647;
			dstPath = /usr/share/man/man1/;
			dstSubfolderSpec = 0;
			files = (
			);
			runOnlyForDeploymentPostprocessing = 1;
		};
/* End PBXCopyFilesBuildPhase section */

/* Begin PBXFileReference section */
		12F6E0991BE90CA100A76855 /* readData.h */ = {isa = PBXFileReference; fileEncoding = 4; lastKnownFileType = sourcecode.c.h; path = readData.h; sourceTree = "<group>"; };
		8A381E121BE66E5A000299BE /* integration.cpp */ = {isa = PBXFileReference; fileEncoding = 4; lastKnownFileType = sourcecode.cpp.cpp; path = integration.cpp; sourceTree = "<group>"; };
		8A381E131BE66E5A000299BE /* integration.h */ = {isa = PBXFileReference; fileEncoding = 4; lastKnownFileType = sourcecode.c.h; path = integration.h; sourceTree = "<group>"; };
		8A76D5B71BE13BC300D473FF /* weibull.h */ = {isa = PBXFileReference; lastKnownFileType = sourcecode.c.h; path = weibull.h; sourceTree = "<group>"; };
		8A76D5B91BE13C5D00D473FF /* weibull_estimator.h */ = {isa = PBXFileReference; fileEncoding = 4; lastKnownFileType = sourcecode.c.h; path = weibull_estimator.h; sourceTree = "<group>"; };
		8A76D5BD1BE1555E00D473FF /* weibull_estimator.cpp */ = {isa = PBXFileReference; fileEncoding = 4; lastKnownFileType = sourcecode.cpp.cpp; path = weibull_estimator.cpp; sourceTree = "<group>"; };
		8A76D5BF1BE156DA00D473FF /* weibull.cpp */ = {isa = PBXFileReference; fileEncoding = 4; lastKnownFileType = sourcecode.cpp.cpp; path = weibull.cpp; sourceTree = "<group>"; };
		8AA4CA361BE136D0006420DA /* Weibull */ = {isa = PBXFileReference; explicitFileType = "compiled.mach-o.executable"; includeInIndex = 0; path = Weibull; sourceTree = BUILT_PRODUCTS_DIR; };
		8AA4CA391BE136D0006420DA /* main.cpp */ = {isa = PBXFileReference; lastKnownFileType = sourcecode.cpp.cpp; path = main.cpp; sourceTree = "<group>"; };
/* End PBXFileReference section */

/* Begin PBXFrameworksBuildPhase section */
		8AA4CA331BE136D0006420DA /* Frameworks */ = {
			isa = PBXFrameworksBuildPhase;
			buildActionMask = 2147483647;
			files = (
			);
			runOnlyForDeploymentPostprocessing = 0;
		};
/* End PBXFrameworksBuildPhase section */

/* Begin PBXGroup section */
		8AA4CA2D1BE136D0006420DA = {
			isa = PBXGroup;
			children = (
				8AA4CA381BE136D0006420DA /* Weibull */,
				8AA4CA371BE136D0006420DA /* Products */,
			);
			sourceTree = "<group>";
		};
		8AA4CA371BE136D0006420DA /* Products */ = {
			isa = PBXGroup;
			children = (
				8AA4CA361BE136D0006420DA /* Weibull */,
			);
			name = Products;
			sourceTree = "<group>";
		};
		8AA4CA381BE136D0006420DA /* Weibull */ = {
			isa = PBXGroup;
			children = (
				12F6E0991BE90CA100A76855 /* readData.h */,
				8AA4CA391BE136D0006420DA /* main.cpp */,
				8A76D5B71BE13BC300D473FF /* weibull.h */,
				8A381E121BE66E5A000299BE /* integration.cpp */,
				8A381E131BE66E5A000299BE /* integration.h */,
				8A76D5BF1BE156DA00D473FF /* weibull.cpp */,
				8A76D5B91BE13C5D00D473FF /* weibull_estimator.h */,
				8A76D5BD1BE1555E00D473FF /* weibull_estimator.cpp */,
			);
			path = Weibull;
			sourceTree = "<group>";
		};
/* End PBXGroup section */

/* Begin PBXNativeTarget section */
		8AA4CA351BE136D0006420DA /* Weibull */ = {
			isa = PBXNativeTarget;
			buildConfigurationList = 8AA4CA3D1BE136D0006420DA /* Build configuration list for PBXNativeTarget "Weibull" */;
			buildPhases = (
				8AA4CA321BE136D0006420DA /* Sources */,
				8AA4CA331BE136D0006420DA /* Frameworks */,
				8AA4CA341BE136D0006420DA /* CopyFiles */,
			);
			buildRules = (
			);
			dependencies = (
			);
			name = Weibull;
			productName = Weibull;
			productReference = 8AA4CA361BE136D0006420DA /* Weibull */;
			productType = "com.apple.product-type.tool";
		};
/* End PBXNativeTarget section */

/* Begin PBXProject section */
		8AA4CA2E1BE136D0006420DA /* Project object */ = {
			isa = PBXProject;
			attributes = {
				LastUpgradeCheck = 0700;
				ORGANIZATIONNAME = sunjiv;
				TargetAttributes = {
					8AA4CA351BE136D0006420DA = {
						CreatedOnToolsVersion = 6.4;
					};
				};
			};
			buildConfigurationList = 8AA4CA311BE136D0006420DA /* Build configuration list for PBXProject "Weibull" */;
			compatibilityVersion = "Xcode 3.2";
			developmentRegion = English;
			hasScannedForEncodings = 0;
			knownRegions = (
				en,
			);
			mainGroup = 8AA4CA2D1BE136D0006420DA;
			productRefGroup = 8AA4CA371BE136D0006420DA /* Products */;
			projectDirPath = "";
			projectRoot = "";
			targets = (
				8AA4CA351BE136D0006420DA /* Weibull */,
			);
		};
/* End PBXProject section */

/* Begin PBXSourcesBuildPhase section */
		8AA4CA321BE136D0006420DA /* Sources */ = {
			isa = PBXSourcesBuildPhase;
			buildActionMask = 2147483647;
			files = (
				8A381E141BE66E5A000299BE /* integration.cpp in Sources */,
				8AA4CA3A1BE136D0006420DA /* main.cpp in Sources */,
				8A76D5BE1BE1555E00D473FF /* weibull_estimator.cpp in Sources */,
				8A76D5C01BE156DA00D473FF /* weibull.cpp in Sources */,
			);
			runOnlyForDeploymentPostprocessing = 0;
		};
/* End PBXSourcesBuildPhase section */

/* Begin XCBuildConfiguration section */
		8AA4CA3B1BE136D0006420DA /* Debug */ = {
			isa = XCBuildConfiguration;
			buildSettings = {
				ALWAYS_SEARCH_USER_PATHS = NO;
				CLANG_CXX_LANGUAGE_STANDARD = "gnu++0x";
				CLANG_CXX_LIBRARY = "libc++";
				CLANG_ENABLE_MODULES = YES;
				CLANG_ENABLE_OBJC_ARC = YES;
				CLANG_WARN_BOOL_CONVERSION = YES;
				CLANG_WARN_CONSTANT_CONVERSION = YES;
				CLANG_WARN_DIRECT_OBJC_ISA_USAGE = YES_ERROR;
				CLANG_WARN_EMPTY_BODY = YES;
				CLANG_WARN_ENUM_CONVERSION = YES;
				CLANG_WARN_INT_CONVERSION = YES;
				CLANG_WARN_OBJC_ROOT_CLASS = YES_ERROR;
				CLANG_WARN_UNREACHABLE_CODE = YES;
				CLANG_WARN__DUPLICATE_METHOD_MATCH = YES;
				COPY_PHASE_STRIP = NO;
				DEBUG_INFORMATION_FORMAT = dwarf;
				ENABLE_STRICT_OBJC_MSGSEND = YES;
				ENABLE_TESTABILITY = YES;
				GCC_C_LANGUAGE_STANDARD = gnu99;
				GCC_DYNAMIC_NO_PIC = NO;
				GCC_NO_COMMON_BLOCKS = YES;
				GCC_OPTIMIZATION_LEVEL = 0;
				GCC_PREPROCESSOR_DEFINITIONS = (
					"DEBUG=1",
					"$(inherited)",
				);
				GCC_SYMBOLS_PRIVATE_EXTERN = NO;
				GCC_WARN_64_TO_32_BIT_CONVERSION = YES;
				GCC_WARN_ABOUT_RETURN_TYPE = YES_ERROR;
				GCC_WARN_UNDECLARED_SELECTOR = YES;
				GCC_WARN_UNINITIALIZED_AUTOS = YES_AGGRESSIVE;
				GCC_WARN_UNUSED_FUNCTION = YES;
				GCC_WARN_UNUSED_VARIABLE = YES;
				MACOSX_DEPLOYMENT_TARGET = 10.10;
				MTL_ENABLE_DEBUG_INFO = YES;
				ONLY_ACTIVE_ARCH = YES;
				SDKROOT = macosx;
			};
			name = Debug;
		};
		8AA4CA3C1BE136D0006420DA /* Release */ = {
			isa = XCBuildConfiguration;
			buildSettings = {
				ALWAYS_SEARCH_USER_PATHS = NO;
				CLANG_CXX_LANGUAGE_STANDARD = "gnu++0x";
				CLANG_CXX_LIBRARY = "libc++";
				CLANG_ENABLE_MODULES = YES;
				CLANG_ENABLE_OBJC_ARC = YES;
				CLANG_WARN_BOOL_CONVERSION = YES;
				CLANG_WARN_CONSTANT_CONVERSION = YES;
				CLANG_WARN_DIRECT_OBJC_ISA_USAGE = YES_ERROR;
				CLANG_WARN_EMPTY_BODY = YES;
				CLANG_WARN_ENUM_CONVERSION = YES;
				CLANG_WARN_INT_CONVERSION = YES;
				CLANG_WARN_OBJC_ROOT_CLASS = YES_ERROR;
				CLANG_WARN_UNREACHABLE_CODE = YES;
				CLANG_WARN__DUPLICATE_METHOD_MATCH = YES;
				COPY_PHASE_STRIP = NO;
				DEBUG_INFORMATION_FORMAT = "dwarf-with-dsym";
				ENABLE_NS_ASSERTIONS = NO;
				ENABLE_STRICT_OBJC_MSGSEND = YES;
				GCC_C_LANGUAGE_STANDARD = gnu99;
				GCC_NO_COMMON_BLOCKS = YES;
				GCC_WARN_64_TO_32_BIT_CONVERSION = YES;
				GCC_WARN_ABOUT_RETURN_TYPE = YES_ERROR;
				GCC_WARN_UNDECLARED_SELECTOR = YES;
				GCC_WARN_UNINITIALIZED_AUTOS = YES_AGGRESSIVE;
				GCC_WARN_UNUSED_FUNCTION = YES;
				GCC_WARN_UNUSED_VARIABLE = YES;
				MACOSX_DEPLOYMENT_TARGET = 10.10;
				MTL_ENABLE_DEBUG_INFO = NO;
				SDKROOT = macosx;
			};
			name = Release;
		};
		8AA4CA3E1BE136D0006420DA /* Debug */ = {
			isa = XCBuildConfiguration;
			buildSettings = {
				PRODUCT_NAME = "$(TARGET_NAME)";
			};
			name = Debug;
		};
		8AA4CA3F1BE136D0006420DA /* Release */ = {
			isa = XCBuildConfiguration;
			buildSettings = {
				PRODUCT_NAME = "$(TARGET_NAME)";
			};
			name = Release;
		};
/* End XCBuildConfiguration section */

/* Begin XCConfigurationList section */
		8AA4CA311BE136D0006420DA /* Build configuration list for PBXProject "Weibull" */ = {
			isa = XCConfigurationList;
			buildConfigurations = (
				8AA4CA3B1BE136D0006420DA /* Debug */,
				8AA4CA3C1BE136D0006420DA /* Release */,
			);
			defaultConfigurationIsVisible = 0;
			defaultConfigurationName = Release;
		};
		8AA4CA3D1BE136D0006420DA /* Build configuration list for PBXNativeTarget "Weibull" */ = {
			isa = XCConfigurationList;
			buildConfigurations = (
				8AA4CA3E1BE136D0006420DA /* Debug */,
				8AA4CA3F1BE136D0006420DA /* Release */,
			);
			defaultConfigurationIsVisible = 0;
			defaultConfigurationName = Release;
		};
/* End XCConfigurationList section */
	};
	rootObject = 8AA4CA2E1BE136D0006420DA /* Project object */;
}
